
Microsoft Visual Studio Solution File, Format Version 12.00
# Visual Studio Version 17
VisualStudioVersion = 17.10.35004.147
MinimumVisualStudioVersion = 10.0.40219.1
Project("{FAE04EC0-301F-11D3-BF4B-00C04F79EFBC}") = "BikeDemandForecasting", "BikeDemandForecasting.csproj", "{C7FAEA04-1B3A-4044-923E-327212CFEF90}"
EndProject
Global
	GlobalSection(SolutionConfigurationPlatforms) = preSolution
		Debug|Any CPU = Debug|Any CPU
		Release|Any CPU = Release|Any CPU
	EndGlobalSection
	GlobalSection(ProjectConfigurationPlatforms) = postSolution
		{C7FAEA04-1B3A-4044-923E-327212CFEF90}.Debug|Any CPU.ActiveCfg = Debug|Any CPU
		{C7FAEA04-1B3A-4044-923E-327212CFEF90}.Debug|Any CPU.Build.0 = Debug|Any CPU
		{C7FAEA04-1B3A-4044-923E-327212CFEF90}.Release|Any CPU.ActiveCfg = Release|Any CPU
		{C7FAEA04-1B3A-4044-923E-327212CFEF90}.Release|Any CPU.Build.0 = Release|Any CPU
	EndGlobalSection
	GlobalSection(SolutionProperties) = preSolution
		HideSolutionNode = FALSE
	EndGlobalSection
	GlobalSection(ExtensibilityGlobals) = postSolution
		SolutionGuid = {B582F7D9-A894-4CA8-9858-C78A17CBDB8D}
	EndGlobalSection
EndGlobal
